
Microsoft Visual Studio Solution File, Format Version 12.00
# Visual Studio 2012
Project("{FAE04EC0-301F-11D3-BF4B-00C04F79EFBC}") = "LatihanLks2", "LatihanLks2\LatihanLks2.csproj", "{23D41D12-BB10-4797-A8EC-A1C206D5B913}"
EndProject
Global
	GlobalSection(SolutionConfigurationPlatforms) = preSolution
		Debug|Any CPU = Debug|Any CPU
		Release|Any CPU = Release|Any CPU
	EndGlobalSection
	GlobalSection(ProjectConfigurationPlatforms) = postSolution
		{23D41D12-BB10-4797-A8EC-A1C206D5B913}.Debug|Any CPU.ActiveCfg = Debug|Any CPU
		{23D41D12-BB10-4797-A8EC-A1C206D5B913}.Debug|Any CPU.Build.0 = Debug|Any CPU
		{23D41D12-BB10-4797-A8EC-A1C206D5B913}.Release|Any CPU.ActiveCfg = Release|Any CPU
		{23D41D12-BB10-4797-A8EC-A1C206D5B913}.Release|Any CPU.Build.0 = Release|Any CPU
	EndGlobalSection
	GlobalSection(SolutionProperties) = preSolution
		HideSolutionNode = FALSE
	EndGlobalSection
EndGlobal
